# This file is autogenerated, do not edit; changes may be undone by the next 'dep ensure'.


[[projects]]
  name = "github.com/cactus/mlog"
  packages = ["."]
  revision = "fc2dce550187f3b7c4b871a2528b6e2aebe2580b"
  version = "v1.0.0"

[[projects]]
  name = "github.com/davecgh/go-spew"
  packages = ["spew"]
  revision = "5215b55f46b2b919f50a1df0eaa5886afe4e3b3d"

[[projects]]
  name = "github.com/jessevdk/go-flags"
  packages = ["."]
  revision = "aa34304f81c710f34c76e964a3d996ec1330711d"

[[projects]]
  name = "github.com/pmezard/go-difflib"
  packages = ["difflib"]
  revision = "e8554b8641db39598be7f6342874b958f12ae1d4"

[[projects]]
  name = "github.com/stretchr/testify"
  packages = ["assert"]
  revision = "e3a8ff8ce36581f87a15341206f205b1da467059"

[solve-meta]
  analyzer-name = "dep"
  analyzer-version = 1
  inputs-digest = "ac9f3e19390c9964793d1ece1348d89caf13f3263945f95056a94becd30f323e"
  solver-name = "gps-cdcl"
  solver-version = 1
